// !$*UTF8*$!
{
	archiveVersion = 1;
	classes = {
	};
	objectVersion = 56;
	objects = {

/* Begin PBXBuildFile section */
		961242612B412A46009D6E05 /* CJE_DictionaryApp.swift in Sources */ = {isa = PBXBuildFile; fileRef = 961242602B412A46009D6E05 /* CJE_DictionaryApp.swift */; };
		961242632B412A46009D6E05 /* ContentView.swift in Sources */ = {isa = PBXBuildFile; fileRef = 961242622B412A46009D6E05 /* ContentView.swift */; };
		961242652B412A47009D6E05 /* Assets.xcassets in Resources */ = {isa = PBXBuildFile; fileRef = 961242642B412A47009D6E05 /* Assets.xcassets */; };
		961242682B412A47009D6E05 /* Preview Assets.xcassets in Resources */ = {isa = PBXBuildFile; fileRef = 961242672B412A47009D6E05 /* Preview Assets.xcassets */; };
		961242712B4130E6009D6E05 /* Realm in Frameworks */ = {isa = PBXBuildFile; productRef = 961242702B4130E6009D6E05 /* Realm */; };
		961242732B4130E6009D6E05 /* RealmSwift in Frameworks */ = {isa = PBXBuildFile; productRef = 961242722B4130E6009D6E05 /* RealmSwift */; };
		961242752B413DB6009D6E05 /* HistoryManager.swift in Sources */ = {isa = PBXBuildFile; fileRef = 961242742B413DB6009D6E05 /* HistoryManager.swift */; };
		961242782B4147B9009D6E05 /* Localizable.xcstrings in Resources */ = {isa = PBXBuildFile; fileRef = 961242772B4147B9009D6E05 /* Localizable.xcstrings */; };
		9612427A2B414A53009D6E05 /* SearchDictionary.swift in Sources */ = {isa = PBXBuildFile; fileRef = 961242792B414A53009D6E05 /* SearchDictionary.swift */; };
		9612427E2B415197009D6E05 /* jp-cn.realm in Resources */ = {isa = PBXBuildFile; fileRef = 9612426E2B412A72009D6E05 /* jp-cn.realm */; };
		961242882B4250A0009D6E05 /* DictionaryParser.swift in Sources */ = {isa = PBXBuildFile; fileRef = 961242872B4250A0009D6E05 /* DictionaryParser.swift */; };
		9612428A2B426049009D6E05 /* JitendexParsable.zip in Resources */ = {isa = PBXBuildFile; fileRef = 961242892B426049009D6E05 /* JitendexParsable.zip */; };
		9612428C2B4261E3009D6E05 /* Shogakukanjicv3Parsed.zip in Resources */ = {isa = PBXBuildFile; fileRef = 9612428B2B4261E3009D6E05 /* Shogakukanjicv3Parsed.zip */; };
		9612428F2B4262FE009D6E05 /* ZIPFoundation in Frameworks */ = {isa = PBXBuildFile; productRef = 9612428E2B4262FE009D6E05 /* ZIPFoundation */; };
		961242922B428091009D6E05 /* SwiftSoup in Frameworks */ = {isa = PBXBuildFile; productRef = 961242912B428091009D6E05 /* SwiftSoup */; };
/* End PBXBuildFile section */

/* Begin PBXFileReference section */
		9612425D2B412A46009D6E05 /* CJE Dictionary.app */ = {isa = PBXFileReference; explicitFileType = wrapper.application; includeInIndex = 0; path = "CJE Dictionary.app"; sourceTree = BUILT_PRODUCTS_DIR; };
		961242602B412A46009D6E05 /* CJE_DictionaryApp.swift */ = {isa = PBXFileReference; lastKnownFileType = sourcecode.swift; path = CJE_DictionaryApp.swift; sourceTree = "<group>"; };
		961242622B412A46009D6E05 /* ContentView.swift */ = {isa = PBXFileReference; lastKnownFileType = sourcecode.swift; path = ContentView.swift; sourceTree = "<group>"; };
		961242642B412A47009D6E05 /* Assets.xcassets */ = {isa = PBXFileReference; lastKnownFileType = folder.assetcatalog; path = Assets.xcassets; sourceTree = "<group>"; };
		961242672B412A47009D6E05 /* Preview Assets.xcassets */ = {isa = PBXFileReference; lastKnownFileType = folder.assetcatalog; path = "Preview Assets.xcassets"; sourceTree = "<group>"; };
		9612426E2B412A72009D6E05 /* jp-cn.realm */ = {isa = PBXFileReference; lastKnownFileType = file; path = "jp-cn.realm"; sourceTree = "<group>"; };
		961242742B413DB6009D6E05 /* HistoryManager.swift */ = {isa = PBXFileReference; lastKnownFileType = sourcecode.swift; path = HistoryManager.swift; sourceTree = "<group>"; };
		961242772B4147B9009D6E05 /* Localizable.xcstrings */ = {isa = PBXFileReference; lastKnownFileType = text.json.xcstrings; path = Localizable.xcstrings; sourceTree = "<group>"; };
		961242792B414A53009D6E05 /* SearchDictionary.swift */ = {isa = PBXFileReference; lastKnownFileType = sourcecode.swift; path = SearchDictionary.swift; sourceTree = "<group>"; };
		961242872B4250A0009D6E05 /* DictionaryParser.swift */ = {isa = PBXFileReference; lastKnownFileType = sourcecode.swift; path = DictionaryParser.swift; sourceTree = "<group>"; };
		961242892B426049009D6E05 /* JitendexParsable.zip */ = {isa = PBXFileReference; lastKnownFileType = archive.zip; path = JitendexParsable.zip; sourceTree = "<group>"; };
		9612428B2B4261E3009D6E05 /* Shogakukanjicv3Parsed.zip */ = {isa = PBXFileReference; lastKnownFileType = archive.zip; path = Shogakukanjicv3Parsed.zip; sourceTree = "<group>"; };
/* End PBXFileReference section */

/* Begin PBXFrameworksBuildPhase section */
		9612425A2B412A46009D6E05 /* Frameworks */ = {
			isa = PBXFrameworksBuildPhase;
			buildActionMask = 2147483647;
			files = (
				961242732B4130E6009D6E05 /* RealmSwift in Frameworks */,
				961242922B428091009D6E05 /* SwiftSoup in Frameworks */,
				961242712B4130E6009D6E05 /* Realm in Frameworks */,
				9612428F2B4262FE009D6E05 /* ZIPFoundation in Frameworks */,
			);
			runOnlyForDeploymentPostprocessing = 0;
		};
/* End PBXFrameworksBuildPhase section */

/* Begin PBXGroup section */
		961242542B412A46009D6E05 = {
			isa = PBXGroup;
			children = (
				961242762B414525009D6E05 /* LocaleResources */,
				9612425F2B412A46009D6E05 /* CJE Dictionary */,
				9612425E2B412A46009D6E05 /* Products */,
			);
			sourceTree = "<group>";
		};
		9612425E2B412A46009D6E05 /* Products */ = {
			isa = PBXGroup;
			children = (
				9612425D2B412A46009D6E05 /* CJE Dictionary.app */,
			);
			name = Products;
			sourceTree = "<group>";
		};
		9612425F2B412A46009D6E05 /* CJE Dictionary */ = {
			isa = PBXGroup;
			children = (
				9612427B2B414BC6009D6E05 /* Dictionaries */,
				961242602B412A46009D6E05 /* CJE_DictionaryApp.swift */,
				961242622B412A46009D6E05 /* ContentView.swift */,
				961242792B414A53009D6E05 /* SearchDictionary.swift */,
				961242742B413DB6009D6E05 /* HistoryManager.swift */,
				961242872B4250A0009D6E05 /* DictionaryParser.swift */,
				961242642B412A47009D6E05 /* Assets.xcassets */,
				961242662B412A47009D6E05 /* Preview Content */,
			);
			path = "CJE Dictionary";
			sourceTree = "<group>";
		};
		961242662B412A47009D6E05 /* Preview Content */ = {
			isa = PBXGroup;
			children = (
				961242672B412A47009D6E05 /* Preview Assets.xcassets */,
			);
			path = "Preview Content";
			sourceTree = "<group>";
		};
		961242762B414525009D6E05 /* LocaleResources */ = {
			isa = PBXGroup;
			children = (
				961242772B4147B9009D6E05 /* Localizable.xcstrings */,
			);
			path = LocaleResources;
			sourceTree = "<group>";
		};
		9612427B2B414BC6009D6E05 /* Dictionaries */ = {
			isa = PBXGroup;
			children = (
				9612428B2B4261E3009D6E05 /* Shogakukanjicv3Parsed.zip */,
				961242892B426049009D6E05 /* JitendexParsable.zip */,
				9612426E2B412A72009D6E05 /* jp-cn.realm */,
			);
			path = Dictionaries;
			sourceTree = "<group>";
		};
/* End PBXGroup section */

/* Begin PBXNativeTarget section */
		9612425C2B412A46009D6E05 /* CJE Dictionary */ = {
			isa = PBXNativeTarget;
			buildConfigurationList = 9612426B2B412A47009D6E05 /* Build configuration list for PBXNativeTarget "CJE Dictionary" */;
			buildPhases = (
				961242592B412A46009D6E05 /* Sources */,
				9612425A2B412A46009D6E05 /* Frameworks */,
				9612425B2B412A46009D6E05 /* Resources */,
			);
			buildRules = (
			);
			dependencies = (
			);
			name = "CJE Dictionary";
			packageProductDependencies = (
				961242702B4130E6009D6E05 /* Realm */,
				961242722B4130E6009D6E05 /* RealmSwift */,
				9612428E2B4262FE009D6E05 /* ZIPFoundation */,
				961242912B428091009D6E05 /* SwiftSoup */,
			);
			productName = "CJE Dictionary";
			productReference = 9612425D2B412A46009D6E05 /* CJE Dictionary.app */;
			productType = "com.apple.product-type.application";
		};
/* End PBXNativeTarget section */

/* Begin PBXProject section */
		961242552B412A46009D6E05 /* Project object */ = {
			isa = PBXProject;
			attributes = {
				BuildIndependentTargetsInParallel = 1;
				LastSwiftUpdateCheck = 1500;
				LastUpgradeCheck = 1500;
				TargetAttributes = {
					9612425C2B412A46009D6E05 = {
						CreatedOnToolsVersion = 15.0.1;
					};
				};
			};
			buildConfigurationList = 961242582B412A46009D6E05 /* Build configuration list for PBXProject "CJE Dictionary" */;
			compatibilityVersion = "Xcode 14.0";
			developmentRegion = en;
			hasScannedForEncodings = 0;
			knownRegions = (
				en,
				Base,
				ja,
				"zh-Hans",
			);
			mainGroup = 961242542B412A46009D6E05;
			packageReferences = (
				9612426F2B4130E6009D6E05 /* XCRemoteSwiftPackageReference "realm-swift" */,
				9612428D2B4262FE009D6E05 /* XCRemoteSwiftPackageReference "ZIPFoundation" */,
				961242902B428091009D6E05 /* XCRemoteSwiftPackageReference "SwiftSoup" */,
			);
			productRefGroup = 9612425E2B412A46009D6E05 /* Products */;
			projectDirPath = "";
			projectRoot = "";
			targets = (
				9612425C2B412A46009D6E05 /* CJE Dictionary */,
			);
		};
/* End PBXProject section */

/* Begin PBXResourcesBuildPhase section */
		9612425B2B412A46009D6E05 /* Resources */ = {
			isa = PBXResourcesBuildPhase;
			buildActionMask = 2147483647;
			files = (
				9612428A2B426049009D6E05 /* JitendexParsable.zip in Resources */,
				961242682B412A47009D6E05 /* Preview Assets.xcassets in Resources */,
				961242652B412A47009D6E05 /* Assets.xcassets in Resources */,
				961242782B4147B9009D6E05 /* Localizable.xcstrings in Resources */,
				9612428C2B4261E3009D6E05 /* Shogakukanjicv3Parsed.zip in Resources */,
				9612427E2B415197009D6E05 /* jp-cn.realm in Resources */,
			);
			runOnlyForDeploymentPostprocessing = 0;
		};
/* End PBXResourcesBuildPhase section */

/* Begin PBXSourcesBuildPhase section */
		961242592B412A46009D6E05 /* Sources */ = {
			isa = PBXSourcesBuildPhase;
			buildActionMask = 2147483647;
			files = (
				961242752B413DB6009D6E05 /* HistoryManager.swift in Sources */,
				9612427A2B414A53009D6E05 /* SearchDictionary.swift in Sources */,
				961242632B412A46009D6E05 /* ContentView.swift in Sources */,
				961242612B412A46009D6E05 /* CJE_DictionaryApp.swift in Sources */,
				961242882B4250A0009D6E05 /* DictionaryParser.swift in Sources */,
			);
			runOnlyForDeploymentPostprocessing = 0;
		};
/* End PBXSourcesBuildPhase section */

/* Begin XCBuildConfiguration section */
		961242692B412A47009D6E05 /* Debug */ = {
			isa = XCBuildConfiguration;
			buildSettings = {
				ALWAYS_SEARCH_USER_PATHS = NO;
				ASSETCATALOG_COMPILER_GENERATE_SWIFT_ASSET_SYMBOL_EXTENSIONS = YES;
				CLANG_ANALYZER_NONNULL = YES;
				CLANG_ANALYZER_NUMBER_OBJECT_CONVERSION = YES_AGGRESSIVE;
				CLANG_CXX_LANGUAGE_STANDARD = "gnu++20";
				CLANG_ENABLE_MODULES = YES;
				CLANG_ENABLE_OBJC_ARC = YES;
				CLANG_ENABLE_OBJC_WEAK = YES;
				CLANG_WARN_BLOCK_CAPTURE_AUTORELEASING = YES;
				CLANG_WARN_BOOL_CONVERSION = YES;
				CLANG_WARN_COMMA = YES;
				CLANG_WARN_CONSTANT_CONVERSION = YES;
				CLANG_WARN_DEPRECATED_OBJC_IMPLEMENTATIONS = YES;
				CLANG_WARN_DIRECT_OBJC_ISA_USAGE = YES_ERROR;
				CLANG_WARN_DOCUMENTATION_COMMENTS = YES;
				CLANG_WARN_EMPTY_BODY = YES;
				CLANG_WARN_ENUM_CONVERSION = YES;
				CLANG_WARN_INFINITE_RECURSION = YES;
				CLANG_WARN_INT_CONVERSION = YES;
				CLANG_WARN_NON_LITERAL_NULL_CONVERSION = YES;
				CLANG_WARN_OBJC_IMPLICIT_RETAIN_SELF = YES;
				CLANG_WARN_OBJC_LITERAL_CONVERSION = YES;
				CLANG_WARN_OBJC_ROOT_CLASS = YES_ERROR;
				CLANG_WARN_QUOTED_INCLUDE_IN_FRAMEWORK_HEADER = YES;
				CLANG_WARN_RANGE_LOOP_ANALYSIS = YES;
				CLANG_WARN_STRICT_PROTOTYPES = YES;
				CLANG_WARN_SUSPICIOUS_MOVE = YES;
				CLANG_WARN_UNGUARDED_AVAILABILITY = YES_AGGRESSIVE;
				CLANG_WARN_UNREACHABLE_CODE = YES;
				CLANG_WARN__DUPLICATE_METHOD_MATCH = YES;
				COPY_PHASE_STRIP = NO;
				DEBUG_INFORMATION_FORMAT = dwarf;
				ENABLE_STRICT_OBJC_MSGSEND = YES;
				ENABLE_TESTABILITY = YES;
				ENABLE_USER_SCRIPT_SANDBOXING = YES;
				GCC_C_LANGUAGE_STANDARD = gnu17;
				GCC_DYNAMIC_NO_PIC = NO;
				GCC_NO_COMMON_BLOCKS = YES;
				GCC_OPTIMIZATION_LEVEL = 0;
				GCC_PREPROCESSOR_DEFINITIONS = (
					"DEBUG=1",
					"$(inherited)",
				);
				GCC_WARN_64_TO_32_BIT_CONVERSION = YES;
				GCC_WARN_ABOUT_RETURN_TYPE = YES_ERROR;
				GCC_WARN_UNDECLARED_SELECTOR = YES;
				GCC_WARN_UNINITIALIZED_AUTOS = YES_AGGRESSIVE;
				GCC_WARN_UNUSED_FUNCTION = YES;
				GCC_WARN_UNUSED_VARIABLE = YES;
				IPHONEOS_DEPLOYMENT_TARGET = 17.0;
				LOCALIZATION_PREFERS_STRING_CATALOGS = YES;
				MTL_ENABLE_DEBUG_INFO = INCLUDE_SOURCE;
				MTL_FAST_MATH = YES;
				ONLY_ACTIVE_ARCH = YES;
				SDKROOT = iphoneos;
				SWIFT_ACTIVE_COMPILATION_CONDITIONS = "DEBUG $(inherited)";
				SWIFT_OPTIMIZATION_LEVEL = "-Onone";
			};
			name = Debug;
		};
		9612426A2B412A47009D6E05 /* Release */ = {
			isa = XCBuildConfiguration;
			buildSettings = {
				ALWAYS_SEARCH_USER_PATHS = NO;
				ASSETCATALOG_COMPILER_GENERATE_SWIFT_ASSET_SYMBOL_EXTENSIONS = YES;
				CLANG_ANALYZER_NONNULL = YES;
				CLANG_ANALYZER_NUMBER_OBJECT_CONVERSION = YES_AGGRESSIVE;
				CLANG_CXX_LANGUAGE_STANDARD = "gnu++20";
				CLANG_ENABLE_MODULES = YES;
				CLANG_ENABLE_OBJC_ARC = YES;
				CLANG_ENABLE_OBJC_WEAK = YES;
				CLANG_WARN_BLOCK_CAPTURE_AUTORELEASING = YES;
				CLANG_WARN_BOOL_CONVERSION = YES;
				CLANG_WARN_COMMA = YES;
				CLANG_WARN_CONSTANT_CONVERSION = YES;
				CLANG_WARN_DEPRECATED_OBJC_IMPLEMENTATIONS = YES;
				CLANG_WARN_DIRECT_OBJC_ISA_USAGE = YES_ERROR;
				CLANG_WARN_DOCUMENTATION_COMMENTS = YES;
				CLANG_WARN_EMPTY_BODY = YES;
				CLANG_WARN_ENUM_CONVERSION = YES;
				CLANG_WARN_INFINITE_RECURSION = YES;
				CLANG_WARN_INT_CONVERSION = YES;
				CLANG_WARN_NON_LITERAL_NULL_CONVERSION = YES;
				CLANG_WARN_OBJC_IMPLICIT_RETAIN_SELF = YES;
				CLANG_WARN_OBJC_LITERAL_CONVERSION = YES;
				CLANG_WARN_OBJC_ROOT_CLASS = YES_ERROR;
				CLANG_WARN_QUOTED_INCLUDE_IN_FRAMEWORK_HEADER = YES;
				CLANG_WARN_RANGE_LOOP_ANALYSIS = YES;
				CLANG_WARN_STRICT_PROTOTYPES = YES;
				CLANG_WARN_SUSPICIOUS_MOVE = YES;
				CLANG_WARN_UNGUARDED_AVAILABILITY = YES_AGGRESSIVE;
				CLANG_WARN_UNREACHABLE_CODE = YES;
				CLANG_WARN__DUPLICATE_METHOD_MATCH = YES;
				COPY_PHASE_STRIP = NO;
				DEBUG_INFORMATION_FORMAT = "dwarf-with-dsym";
				ENABLE_NS_ASSERTIONS = NO;
				ENABLE_STRICT_OBJC_MSGSEND = YES;
				ENABLE_USER_SCRIPT_SANDBOXING = YES;
				GCC_C_LANGUAGE_STANDARD = gnu17;
				GCC_NO_COMMON_BLOCKS = YES;
				GCC_WARN_64_TO_32_BIT_CONVERSION = YES;
				GCC_WARN_ABOUT_RETURN_TYPE = YES_ERROR;
				GCC_WARN_UNDECLARED_SELECTOR = YES;
				GCC_WARN_UNINITIALIZED_AUTOS = YES_AGGRESSIVE;
				GCC_WARN_UNUSED_FUNCTION = YES;
				GCC_WARN_UNUSED_VARIABLE = YES;
				IPHONEOS_DEPLOYMENT_TARGET = 17.0;
				LOCALIZATION_PREFERS_STRING_CATALOGS = YES;
				MTL_ENABLE_DEBUG_INFO = NO;
				MTL_FAST_MATH = YES;
				SDKROOT = iphoneos;
				SWIFT_COMPILATION_MODE = wholemodule;
				VALIDATE_PRODUCT = YES;
			};
			name = Release;
		};
		9612426C2B412A47009D6E05 /* Debug */ = {
			isa = XCBuildConfiguration;
			buildSettings = {
				ASSETCATALOG_COMPILER_APPICON_NAME = AppIcon;
				ASSETCATALOG_COMPILER_GLOBAL_ACCENT_COLOR_NAME = AccentColor;
				CODE_SIGN_STYLE = Automatic;
				CURRENT_PROJECT_VERSION = 1;
				DEVELOPMENT_ASSET_PATHS = "\"CJE Dictionary/Preview Content\"";
				DEVELOPMENT_TEAM = N74E93PMQ8;
				ENABLE_PREVIEWS = YES;
				GENERATE_INFOPLIST_FILE = YES;
				INFOPLIST_KEY_UIApplicationSceneManifest_Generation = YES;
				INFOPLIST_KEY_UIApplicationSupportsIndirectInputEvents = YES;
				INFOPLIST_KEY_UILaunchScreen_Generation = YES;
				INFOPLIST_KEY_UISupportedInterfaceOrientations_iPad = "UIInterfaceOrientationPortrait UIInterfaceOrientationPortraitUpsideDown UIInterfaceOrientationLandscapeLeft UIInterfaceOrientationLandscapeRight";
				INFOPLIST_KEY_UISupportedInterfaceOrientations_iPhone = "UIInterfaceOrientationPortrait UIInterfaceOrientationLandscapeLeft UIInterfaceOrientationLandscapeRight";
				LD_RUNPATH_SEARCH_PATHS = (
					"$(inherited)",
					"@executable_path/Frameworks",
				);
				MARKETING_VERSION = 1.0;
				PRODUCT_BUNDLE_IDENTIFIER = "com.hunterhan.CNJPENDict.CJE-Dictionary";
				PRODUCT_NAME = "$(TARGET_NAME)";
				SWIFT_EMIT_LOC_STRINGS = YES;
				SWIFT_VERSION = 5.0;
				TARGETED_DEVICE_FAMILY = "1,2";
			};
			name = Debug;
		};
		9612426D2B412A47009D6E05 /* Release */ = {
			isa = XCBuildConfiguration;
			buildSettings = {
				ASSETCATALOG_COMPILER_APPICON_NAME = AppIcon;
				ASSETCATALOG_COMPILER_GLOBAL_ACCENT_COLOR_NAME = AccentColor;
				CODE_SIGN_STYLE = Automatic;
				CURRENT_PROJECT_VERSION = 1;
				DEVELOPMENT_ASSET_PATHS = "\"CJE Dictionary/Preview Content\"";
				DEVELOPMENT_TEAM = N74E93PMQ8;
				ENABLE_PREVIEWS = YES;
				GENERATE_INFOPLIST_FILE = YES;
				INFOPLIST_KEY_UIApplicationSceneManifest_Generation = YES;
				INFOPLIST_KEY_UIApplicationSupportsIndirectInputEvents = YES;
				INFOPLIST_KEY_UILaunchScreen_Generation = YES;
				INFOPLIST_KEY_UISupportedInterfaceOrientations_iPad = "UIInterfaceOrientationPortrait UIInterfaceOrientationPortraitUpsideDown UIInterfaceOrientationLandscapeLeft UIInterfaceOrientationLandscapeRight";
				INFOPLIST_KEY_UISupportedInterfaceOrientations_iPhone = "UIInterfaceOrientationPortrait UIInterfaceOrientationLandscapeLeft UIInterfaceOrientationLandscapeRight";
				LD_RUNPATH_SEARCH_PATHS = (
					"$(inherited)",
					"@executable_path/Frameworks",
				);
				MARKETING_VERSION = 1.0;
				PRODUCT_BUNDLE_IDENTIFIER = "com.hunterhan.CNJPENDict.CJE-Dictionary";
				PRODUCT_NAME = "$(TARGET_NAME)";
				SWIFT_EMIT_LOC_STRINGS = YES;
				SWIFT_VERSION = 5.0;
				TARGETED_DEVICE_FAMILY = "1,2";
			};
			name = Release;
		};
/* End XCBuildConfiguration section */

/* Begin XCConfigurationList section */
		961242582B412A46009D6E05 /* Build configuration list for PBXProject "CJE Dictionary" */ = {
			isa = XCConfigurationList;
			buildConfigurations = (
				961242692B412A47009D6E05 /* Debug */,
				9612426A2B412A47009D6E05 /* Release */,
			);
			defaultConfigurationIsVisible = 0;
			defaultConfigurationName = Release;
		};
		9612426B2B412A47009D6E05 /* Build configuration list for PBXNativeTarget "CJE Dictionary" */ = {
			isa = XCConfigurationList;
			buildConfigurations = (
				9612426C2B412A47009D6E05 /* Debug */,
				9612426D2B412A47009D6E05 /* Release */,
			);
			defaultConfigurationIsVisible = 0;
			defaultConfigurationName = Release;
		};
/* End XCConfigurationList section */

/* Begin XCRemoteSwiftPackageReference section */
		9612426F2B4130E6009D6E05 /* XCRemoteSwiftPackageReference "realm-swift" */ = {
			isa = XCRemoteSwiftPackageReference;
			repositoryURL = "https://github.com/realm/realm-swift.git";
			requirement = {
				branch = master;
				kind = branch;
			};
		};
		9612428D2B4262FE009D6E05 /* XCRemoteSwiftPackageReference "ZIPFoundation" */ = {
			isa = XCRemoteSwiftPackageReference;
			repositoryURL = "https://github.com/weichsel/ZIPFoundation";
			requirement = {
				kind = upToNextMajorVersion;
				minimumVersion = 0.9.17;
			};
		};
		961242902B428091009D6E05 /* XCRemoteSwiftPackageReference "SwiftSoup" */ = {
			isa = XCRemoteSwiftPackageReference;
			repositoryURL = "https://github.com/scinfu/SwiftSoup";
			requirement = {
				kind = upToNextMajorVersion;
				minimumVersion = 2.6.1;
			};
		};
/* End XCRemoteSwiftPackageReference section */

/* Begin XCSwiftPackageProductDependency section */
		961242702B4130E6009D6E05 /* Realm */ = {
			isa = XCSwiftPackageProductDependency;
			package = 9612426F2B4130E6009D6E05 /* XCRemoteSwiftPackageReference "realm-swift" */;
			productName = Realm;
		};
		961242722B4130E6009D6E05 /* RealmSwift */ = {
			isa = XCSwiftPackageProductDependency;
			package = 9612426F2B4130E6009D6E05 /* XCRemoteSwiftPackageReference "realm-swift" */;
			productName = RealmSwift;
		};
		9612428E2B4262FE009D6E05 /* ZIPFoundation */ = {
			isa = XCSwiftPackageProductDependency;
			package = 9612428D2B4262FE009D6E05 /* XCRemoteSwiftPackageReference "ZIPFoundation" */;
			productName = ZIPFoundation;
		};
		961242912B428091009D6E05 /* SwiftSoup */ = {
			isa = XCSwiftPackageProductDependency;
			package = 961242902B428091009D6E05 /* XCRemoteSwiftPackageReference "SwiftSoup" */;
			productName = SwiftSoup;
		};
/* End XCSwiftPackageProductDependency section */
	};
	rootObject = 961242552B412A46009D6E05 /* Project object */;
}
