// !$*UTF8*$!
{
	archiveVersion = 1;
	classes = {
	};
	objectVersion = 56;
	objects = {

/* Begin PBXBuildFile section */
		960658482C61B23D0006DC4C /* Settings.swift in Sources */ = {isa = PBXBuildFile; fileRef = 960658472C61B23D0006DC4C /* Settings.swift */; };
		960658572C6238080006DC4C /* STSong.TTF in Resources */ = {isa = PBXBuildFile; fileRef = 960658562C6238080006DC4C /* STSong.TTF */; };
		961242612B412A46009D6E05 /* CJE_DictionaryApp.swift in Sources */ = {isa = PBXBuildFile; fileRef = 961242602B412A46009D6E05 /* CJE_DictionaryApp.swift */; };
		961242632B412A46009D6E05 /* DictionarySearchView.swift in Sources */ = {isa = PBXBuildFile; fileRef = 961242622B412A46009D6E05 /* DictionarySearchView.swift */; };
		961242652B412A47009D6E05 /* Assets.xcassets in Resources */ = {isa = PBXBuildFile; fileRef = 961242642B412A47009D6E05 /* Assets.xcassets */; };
		961242682B412A47009D6E05 /* Preview Assets.xcassets in Resources */ = {isa = PBXBuildFile; fileRef = 961242672B412A47009D6E05 /* Preview Assets.xcassets */; };
		961242712B4130E6009D6E05 /* Realm in Frameworks */ = {isa = PBXBuildFile; productRef = 961242702B4130E6009D6E05 /* Realm */; };
		961242732B4130E6009D6E05 /* RealmSwift in Frameworks */ = {isa = PBXBuildFile; productRef = 961242722B4130E6009D6E05 /* RealmSwift */; };
		961242752B413DB6009D6E05 /* HistoryManager.swift in Sources */ = {isa = PBXBuildFile; fileRef = 961242742B413DB6009D6E05 /* HistoryManager.swift */; };
		961242782B4147B9009D6E05 /* Localizable.xcstrings in Resources */ = {isa = PBXBuildFile; fileRef = 961242772B4147B9009D6E05 /* Localizable.xcstrings */; };
		9612427A2B414A53009D6E05 /* SearchDictionary.swift in Sources */ = {isa = PBXBuildFile; fileRef = 961242792B414A53009D6E05 /* SearchDictionary.swift */; };
		961242882B4250A0009D6E05 /* DictionaryManager.swift in Sources */ = {isa = PBXBuildFile; fileRef = 961242872B4250A0009D6E05 /* DictionaryManager.swift */; };
		9612428F2B4262FE009D6E05 /* ZIPFoundation in Frameworks */ = {isa = PBXBuildFile; productRef = 9612428E2B4262FE009D6E05 /* ZIPFoundation */; };
		961242922B428091009D6E05 /* SwiftSoup in Frameworks */ = {isa = PBXBuildFile; productRef = 961242912B428091009D6E05 /* SwiftSoup */; };
		964394B52B43A827009D377E /* SQLite in Frameworks */ = {isa = PBXBuildFile; productRef = 964394B42B43A827009D377E /* SQLite */; };
		965318272C5F9B4D0046D2C1 /* KanjiDictionarySearch.swift in Sources */ = {isa = PBXBuildFile; fileRef = 965318262C5F9B4D0046D2C1 /* KanjiDictionarySearch.swift */; };
		965318312C601CC10046D2C1 /* HanziToKanji.txt in Resources */ = {isa = PBXBuildFile; fileRef = 965318302C601CC10046D2C1 /* HanziToKanji.txt */; };
		965318342C6072230046D2C1 /* KanjiDefinition.swift in Sources */ = {isa = PBXBuildFile; fileRef = 965318332C6072230046D2C1 /* KanjiDefinition.swift */; };
		967ECECE2C5F102D009DFD72 /* DictionaryTypes.swift in Sources */ = {isa = PBXBuildFile; fileRef = 967ECECD2C5F102D009DFD72 /* DictionaryTypes.swift */; };
		967ECED22C5F318C009DFD72 /* DefinitionView.swift in Sources */ = {isa = PBXBuildFile; fileRef = 967ECED12C5F318C009DFD72 /* DefinitionView.swift */; };
		96AE7E2E2B480B0900862861 /* conjo.csv in Resources */ = {isa = PBXBuildFile; fileRef = 96AE7E292B480B0900862861 /* conjo.csv */; };
		96AE7E2F2B480B0900862861 /* types.csv in Resources */ = {isa = PBXBuildFile; fileRef = 96AE7E2A2B480B0900862861 /* types.csv */; };
		96AE7E302B480B0900862861 /* conjo_notes.csv in Resources */ = {isa = PBXBuildFile; fileRef = 96AE7E2B2B480B0900862861 /* conjo_notes.csv */; };
		96AE7E312B480B0900862861 /* conotes.csv in Resources */ = {isa = PBXBuildFile; fileRef = 96AE7E2C2B480B0900862861 /* conotes.csv */; };
		96AE7E322B480B0900862861 /* conj.csv in Resources */ = {isa = PBXBuildFile; fileRef = 96AE7E2D2B480B0900862861 /* conj.csv */; };
		96AE7E342B480B2D00862861 /* ConjugationManager.swift in Sources */ = {isa = PBXBuildFile; fileRef = 96AE7E332B480B2D00862861 /* ConjugationManager.swift */; };
		96AE7E372B4839EC00862861 /* CharacterFilter in Frameworks */ = {isa = PBXBuildFile; productRef = 96AE7E362B4839EC00862861 /* CharacterFilter */; };
		96AE7E392B4839EC00862861 /* IPADic in Frameworks */ = {isa = PBXBuildFile; productRef = 96AE7E382B4839EC00862861 /* IPADic */; };
		96AE7E3B2B4839EC00862861 /* Mecab-Swift in Frameworks */ = {isa = PBXBuildFile; productRef = 96AE7E3A2B4839EC00862861 /* Mecab-Swift */; };
		96AE7E3D2B4839EC00862861 /* StringTools in Frameworks */ = {isa = PBXBuildFile; productRef = 96AE7E3C2B4839EC00862861 /* StringTools */; };
		96AE7E402B48EEAE00862861 /* RubyAttribute in Frameworks */ = {isa = PBXBuildFile; productRef = 96AE7E3F2B48EEAE00862861 /* RubyAttribute */; };
		96AE7E422B4A02CF00862861 /* HTMLParser.swift in Sources */ = {isa = PBXBuildFile; fileRef = 96AE7E412B4A02CF00862861 /* HTMLParser.swift */; };
		96AE7E452B4A926E00862861 /* DictionaryHelperViews.swift in Sources */ = {isa = PBXBuildFile; fileRef = 96AE7E442B4A926E00862861 /* DictionaryHelperViews.swift */; };
		96AE7E472B4A991C00862861 /* ConjugationViewer.swift in Sources */ = {isa = PBXBuildFile; fileRef = 96AE7E462B4A991C00862861 /* ConjugationViewer.swift */; };
		96AE7E522B4E278C00862861 /* Collections in Frameworks */ = {isa = PBXBuildFile; productRef = 96AE7E512B4E278C00862861 /* Collections */; };
		96AE7E542B4E278D00862861 /* DequeModule in Frameworks */ = {isa = PBXBuildFile; productRef = 96AE7E532B4E278D00862861 /* DequeModule */; };
		96AE7E562B4E278D00862861 /* OrderedCollections in Frameworks */ = {isa = PBXBuildFile; productRef = 96AE7E552B4E278D00862861 /* OrderedCollections */; };
/* End PBXBuildFile section */

/* Begin PBXFileReference section */
		960658472C61B23D0006DC4C /* Settings.swift */ = {isa = PBXFileReference; lastKnownFileType = sourcecode.swift; path = Settings.swift; sourceTree = "<group>"; };
		960658492C61C7670006DC4C /* jp-cn.realm.zip */ = {isa = PBXFileReference; lastKnownFileType = archive.zip; path = "jp-cn.realm.zip"; sourceTree = "<group>"; };
		9606584B2C62056E0006DC4C /* KANJIDIC2_cleaned.db */ = {isa = PBXFileReference; lastKnownFileType = file; path = KANJIDIC2_cleaned.db; sourceTree = "<group>"; };
		9606584E2C62066D0006DC4C /* versions */ = {isa = PBXFileReference; lastKnownFileType = text; path = versions; sourceTree = "<group>"; };
		960658532C6235D60006DC4C /* CJE-Dictionary-Info.plist */ = {isa = PBXFileReference; lastKnownFileType = text.plist; path = "CJE-Dictionary-Info.plist"; sourceTree = SOURCE_ROOT; };
		960658562C6238080006DC4C /* STSong.TTF */ = {isa = PBXFileReference; lastKnownFileType = file; path = STSong.TTF; sourceTree = "<group>"; };
		9612425D2B412A46009D6E05 /* CJE Dictionary.app */ = {isa = PBXFileReference; explicitFileType = wrapper.application; includeInIndex = 0; path = "CJE Dictionary.app"; sourceTree = BUILT_PRODUCTS_DIR; };
		961242602B412A46009D6E05 /* CJE_DictionaryApp.swift */ = {isa = PBXFileReference; lastKnownFileType = sourcecode.swift; path = CJE_DictionaryApp.swift; sourceTree = "<group>"; };
		961242622B412A46009D6E05 /* DictionarySearchView.swift */ = {isa = PBXFileReference; lastKnownFileType = sourcecode.swift; path = DictionarySearchView.swift; sourceTree = "<group>"; };
		961242642B412A47009D6E05 /* Assets.xcassets */ = {isa = PBXFileReference; lastKnownFileType = folder.assetcatalog; path = Assets.xcassets; sourceTree = "<group>"; };
		961242672B412A47009D6E05 /* Preview Assets.xcassets */ = {isa = PBXFileReference; lastKnownFileType = folder.assetcatalog; path = "Preview Assets.xcassets"; sourceTree = "<group>"; };
		961242742B413DB6009D6E05 /* HistoryManager.swift */ = {isa = PBXFileReference; lastKnownFileType = sourcecode.swift; path = HistoryManager.swift; sourceTree = "<group>"; };
		961242772B4147B9009D6E05 /* Localizable.xcstrings */ = {isa = PBXFileReference; lastKnownFileType = text.json.xcstrings; path = Localizable.xcstrings; sourceTree = "<group>"; };
		961242792B414A53009D6E05 /* SearchDictionary.swift */ = {isa = PBXFileReference; lastKnownFileType = sourcecode.swift; path = SearchDictionary.swift; sourceTree = "<group>"; };
		961242872B4250A0009D6E05 /* DictionaryManager.swift */ = {isa = PBXFileReference; lastKnownFileType = sourcecode.swift; path = DictionaryManager.swift; sourceTree = "<group>"; };
		964394AF2B43A22E009D377E /* Shogakukanjcv3DB.zip */ = {isa = PBXFileReference; lastKnownFileType = archive.zip; path = Shogakukanjcv3DB.zip; sourceTree = "<group>"; };
		965318262C5F9B4D0046D2C1 /* KanjiDictionarySearch.swift */ = {isa = PBXFileReference; lastKnownFileType = sourcecode.swift; path = KanjiDictionarySearch.swift; sourceTree = "<group>"; };
		965318302C601CC10046D2C1 /* HanziToKanji.txt */ = {isa = PBXFileReference; lastKnownFileType = text; path = HanziToKanji.txt; sourceTree = "<group>"; };
		965318332C6072230046D2C1 /* KanjiDefinition.swift */ = {isa = PBXFileReference; lastKnownFileType = sourcecode.swift; path = KanjiDefinition.swift; sourceTree = "<group>"; };
		967670C92C63130F008CC50E /* jitendexDB.zip */ = {isa = PBXFileReference; lastKnownFileType = archive.zip; path = jitendexDB.zip; sourceTree = "<group>"; };
		967ECECD2C5F102D009DFD72 /* DictionaryTypes.swift */ = {isa = PBXFileReference; lastKnownFileType = sourcecode.swift; path = DictionaryTypes.swift; sourceTree = "<group>"; };
		967ECED12C5F318C009DFD72 /* DefinitionView.swift */ = {isa = PBXFileReference; lastKnownFileType = sourcecode.swift; path = DefinitionView.swift; sourceTree = "<group>"; };
		96AE7E292B480B0900862861 /* conjo.csv */ = {isa = PBXFileReference; fileEncoding = 4; lastKnownFileType = text; path = conjo.csv; sourceTree = "<group>"; };
		96AE7E2A2B480B0900862861 /* types.csv */ = {isa = PBXFileReference; fileEncoding = 4; lastKnownFileType = text; path = types.csv; sourceTree = "<group>"; };
		96AE7E2B2B480B0900862861 /* conjo_notes.csv */ = {isa = PBXFileReference; fileEncoding = 4; lastKnownFileType = text; path = conjo_notes.csv; sourceTree = "<group>"; };
		96AE7E2C2B480B0900862861 /* conotes.csv */ = {isa = PBXFileReference; fileEncoding = 4; lastKnownFileType = text; path = conotes.csv; sourceTree = "<group>"; };
		96AE7E2D2B480B0900862861 /* conj.csv */ = {isa = PBXFileReference; fileEncoding = 4; lastKnownFileType = text; path = conj.csv; sourceTree = "<group>"; };
		96AE7E332B480B2D00862861 /* ConjugationManager.swift */ = {isa = PBXFileReference; fileEncoding = 4; lastKnownFileType = sourcecode.swift; path = ConjugationManager.swift; sourceTree = "<group>"; };
		96AE7E412B4A02CF00862861 /* HTMLParser.swift */ = {isa = PBXFileReference; lastKnownFileType = sourcecode.swift; path = HTMLParser.swift; sourceTree = "<group>"; };
		96AE7E442B4A926E00862861 /* DictionaryHelperViews.swift */ = {isa = PBXFileReference; lastKnownFileType = sourcecode.swift; path = DictionaryHelperViews.swift; sourceTree = "<group>"; };
		96AE7E462B4A991C00862861 /* ConjugationViewer.swift */ = {isa = PBXFileReference; lastKnownFileType = sourcecode.swift; path = ConjugationViewer.swift; sourceTree = "<group>"; };
/* End PBXFileReference section */

/* Begin PBXFrameworksBuildPhase section */
		9612425A2B412A46009D6E05 /* Frameworks */ = {
			isa = PBXFrameworksBuildPhase;
			buildActionMask = 2147483647;
			files = (
				96AE7E392B4839EC00862861 /* IPADic in Frameworks */,
				96AE7E402B48EEAE00862861 /* RubyAttribute in Frameworks */,
				96AE7E372B4839EC00862861 /* CharacterFilter in Frameworks */,
				964394B52B43A827009D377E /* SQLite in Frameworks */,
				96AE7E522B4E278C00862861 /* Collections in Frameworks */,
				96AE7E542B4E278D00862861 /* DequeModule in Frameworks */,
				961242732B4130E6009D6E05 /* RealmSwift in Frameworks */,
				961242922B428091009D6E05 /* SwiftSoup in Frameworks */,
				96AE7E3B2B4839EC00862861 /* Mecab-Swift in Frameworks */,
				961242712B4130E6009D6E05 /* Realm in Frameworks */,
				9612428F2B4262FE009D6E05 /* ZIPFoundation in Frameworks */,
				96AE7E562B4E278D00862861 /* OrderedCollections in Frameworks */,
				96AE7E3D2B4839EC00862861 /* StringTools in Frameworks */,
			);
			runOnlyForDeploymentPostprocessing = 0;
		};
/* End PBXFrameworksBuildPhase section */

/* Begin PBXGroup section */
		960658502C6235920006DC4C /* Fonts */ = {
			isa = PBXGroup;
			children = (
				960658562C6238080006DC4C /* STSong.TTF */,
			);
			path = Fonts;
			sourceTree = "<group>";
		};
		961242542B412A46009D6E05 = {
			isa = PBXGroup;
			children = (
				961242762B414525009D6E05 /* LocaleResources */,
				9612425F2B412A46009D6E05 /* CJE Dictionary */,
				9612425E2B412A46009D6E05 /* Products */,
				96AE7E4F2B4E276400862861 /* Frameworks */,
			);
			sourceTree = "<group>";
		};
		9612425E2B412A46009D6E05 /* Products */ = {
			isa = PBXGroup;
			children = (
				9612425D2B412A46009D6E05 /* CJE Dictionary.app */,
			);
			name = Products;
			sourceTree = "<group>";
		};
		9612425F2B412A46009D6E05 /* CJE Dictionary */ = {
			isa = PBXGroup;
			children = (
				960658532C6235D60006DC4C /* CJE-Dictionary-Info.plist */,
				967670C62C62B44B008CC50E /* Persistence */,
				960658502C6235920006DC4C /* Fonts */,
				967ECECC2C5F1001009DFD72 /* DictionarySearch */,
				96AE7E432B4A924800862861 /* Views */,
				96AE7E282B480AED00862861 /* ConjugationResources */,
				9612427B2B414BC6009D6E05 /* Dictionaries */,
				961242602B412A46009D6E05 /* CJE_DictionaryApp.swift */,
				96AE7E412B4A02CF00862861 /* HTMLParser.swift */,
				961242642B412A47009D6E05 /* Assets.xcassets */,
				961242662B412A47009D6E05 /* Preview Content */,
			);
			path = "CJE Dictionary";
			sourceTree = "<group>";
		};
		961242662B412A47009D6E05 /* Preview Content */ = {
			isa = PBXGroup;
			children = (
				961242672B412A47009D6E05 /* Preview Assets.xcassets */,
			);
			path = "Preview Content";
			sourceTree = "<group>";
		};
		961242762B414525009D6E05 /* LocaleResources */ = {
			isa = PBXGroup;
			children = (
				961242772B4147B9009D6E05 /* Localizable.xcstrings */,
			);
			path = LocaleResources;
			sourceTree = "<group>";
		};
		9612427B2B414BC6009D6E05 /* Dictionaries */ = {
			isa = PBXGroup;
			children = (
				960658492C61C7670006DC4C /* jp-cn.realm.zip */,
				964394AF2B43A22E009D377E /* Shogakukanjcv3DB.zip */,
				967670C92C63130F008CC50E /* jitendexDB.zip */,
				9606584B2C62056E0006DC4C /* KANJIDIC2_cleaned.db */,
				965318302C601CC10046D2C1 /* HanziToKanji.txt */,
				9606584E2C62066D0006DC4C /* versions */,
			);
			path = Dictionaries;
			sourceTree = "<group>";
		};
		967670C62C62B44B008CC50E /* Persistence */ = {
			isa = PBXGroup;
			children = (
				961242742B413DB6009D6E05 /* HistoryManager.swift */,
				961242872B4250A0009D6E05 /* DictionaryManager.swift */,
			);
			path = Persistence;
			sourceTree = "<group>";
		};
		967ECECC2C5F1001009DFD72 /* DictionarySearch */ = {
			isa = PBXGroup;
			children = (
				961242792B414A53009D6E05 /* SearchDictionary.swift */,
				967ECECD2C5F102D009DFD72 /* DictionaryTypes.swift */,
				965318262C5F9B4D0046D2C1 /* KanjiDictionarySearch.swift */,
			);
			path = DictionarySearch;
			sourceTree = "<group>";
		};
		96AE7E282B480AED00862861 /* ConjugationResources */ = {
			isa = PBXGroup;
			children = (
				96AE7E332B480B2D00862861 /* ConjugationManager.swift */,
				96AE7E2D2B480B0900862861 /* conj.csv */,
				96AE7E2B2B480B0900862861 /* conjo_notes.csv */,
				96AE7E292B480B0900862861 /* conjo.csv */,
				96AE7E2C2B480B0900862861 /* conotes.csv */,
				96AE7E2A2B480B0900862861 /* types.csv */,
			);
			path = ConjugationResources;
			sourceTree = "<group>";
		};
		96AE7E432B4A924800862861 /* Views */ = {
			isa = PBXGroup;
			children = (
				961242622B412A46009D6E05 /* DictionarySearchView.swift */,
				96AE7E442B4A926E00862861 /* DictionaryHelperViews.swift */,
				96AE7E462B4A991C00862861 /* ConjugationViewer.swift */,
				967ECED12C5F318C009DFD72 /* DefinitionView.swift */,
				965318332C6072230046D2C1 /* KanjiDefinition.swift */,
				960658472C61B23D0006DC4C /* Settings.swift */,
			);
			path = Views;
			sourceTree = "<group>";
		};
		96AE7E4F2B4E276400862861 /* Frameworks */ = {
			isa = PBXGroup;
			children = (
			);
			name = Frameworks;
			sourceTree = "<group>";
		};
/* End PBXGroup section */

/* Begin PBXNativeTarget section */
		9612425C2B412A46009D6E05 /* CJE Dictionary */ = {
			isa = PBXNativeTarget;
			buildConfigurationList = 9612426B2B412A47009D6E05 /* Build configuration list for PBXNativeTarget "CJE Dictionary" */;
			buildPhases = (
				961242592B412A46009D6E05 /* Sources */,
				9612425A2B412A46009D6E05 /* Frameworks */,
				9612425B2B412A46009D6E05 /* Resources */,
			);
			buildRules = (
			);
			dependencies = (
			);
			name = "CJE Dictionary";
			packageProductDependencies = (
				961242702B4130E6009D6E05 /* Realm */,
				961242722B4130E6009D6E05 /* RealmSwift */,
				9612428E2B4262FE009D6E05 /* ZIPFoundation */,
				961242912B428091009D6E05 /* SwiftSoup */,
				964394B42B43A827009D377E /* SQLite */,
				96AE7E362B4839EC00862861 /* CharacterFilter */,
				96AE7E382B4839EC00862861 /* IPADic */,
				96AE7E3A2B4839EC00862861 /* Mecab-Swift */,
				96AE7E3C2B4839EC00862861 /* StringTools */,
				96AE7E3F2B48EEAE00862861 /* RubyAttribute */,
				96AE7E512B4E278C00862861 /* Collections */,
				96AE7E532B4E278D00862861 /* DequeModule */,
				96AE7E552B4E278D00862861 /* OrderedCollections */,
			);
			productName = "CJE Dictionary";
			productReference = 9612425D2B412A46009D6E05 /* CJE Dictionary.app */;
			productType = "com.apple.product-type.application";
		};
/* End PBXNativeTarget section */

/* Begin PBXProject section */
		961242552B412A46009D6E05 /* Project object */ = {
			isa = PBXProject;
			attributes = {
				BuildIndependentTargetsInParallel = 1;
				LastSwiftUpdateCheck = 1500;
				LastUpgradeCheck = 1500;
				TargetAttributes = {
					9612425C2B412A46009D6E05 = {
						CreatedOnToolsVersion = 15.0.1;
					};
				};
			};
			buildConfigurationList = 961242582B412A46009D6E05 /* Build configuration list for PBXProject "CJE Dictionary" */;
			compatibilityVersion = "Xcode 14.0";
			developmentRegion = en;
			hasScannedForEncodings = 0;
			knownRegions = (
				en,
				Base,
				ja,
				"zh-Hans",
			);
			mainGroup = 961242542B412A46009D6E05;
			packageReferences = (
				9612426F2B4130E6009D6E05 /* XCRemoteSwiftPackageReference "realm-swift" */,
				9612428D2B4262FE009D6E05 /* XCRemoteSwiftPackageReference "ZIPFoundation" */,
				961242902B428091009D6E05 /* XCRemoteSwiftPackageReference "SwiftSoup" */,
				964394B32B43A827009D377E /* XCRemoteSwiftPackageReference "SQLite" */,
				96AE7E352B4839EC00862861 /* XCRemoteSwiftPackageReference "Mecab-Swift" */,
				96AE7E3E2B48EEAE00862861 /* XCRemoteSwiftPackageReference "RubyAttribute" */,
				96AE7E502B4E278C00862861 /* XCRemoteSwiftPackageReference "swift-collections" */,
			);
			productRefGroup = 9612425E2B412A46009D6E05 /* Products */;
			projectDirPath = "";
			projectRoot = "";
			targets = (
				9612425C2B412A46009D6E05 /* CJE Dictionary */,
			);
		};
/* End PBXProject section */

/* Begin PBXResourcesBuildPhase section */
		9612425B2B412A46009D6E05 /* Resources */ = {
			isa = PBXResourcesBuildPhase;
			buildActionMask = 2147483647;
			files = (
				96AE7E2F2B480B0900862861 /* types.csv in Resources */,
				961242682B412A47009D6E05 /* Preview Assets.xcassets in Resources */,
				960658572C6238080006DC4C /* STSong.TTF in Resources */,
				961242652B412A47009D6E05 /* Assets.xcassets in Resources */,
				96AE7E322B480B0900862861 /* conj.csv in Resources */,
				96AE7E312B480B0900862861 /* conotes.csv in Resources */,
				961242782B4147B9009D6E05 /* Localizable.xcstrings in Resources */,
				96AE7E2E2B480B0900862861 /* conjo.csv in Resources */,
				965318312C601CC10046D2C1 /* HanziToKanji.txt in Resources */,
				96AE7E302B480B0900862861 /* conjo_notes.csv in Resources */,
			);
			runOnlyForDeploymentPostprocessing = 0;
		};
/* End PBXResourcesBuildPhase section */

/* Begin PBXSourcesBuildPhase section */
		961242592B412A46009D6E05 /* Sources */ = {
			isa = PBXSourcesBuildPhase;
			buildActionMask = 2147483647;
			files = (
				967ECED22C5F318C009DFD72 /* DefinitionView.swift in Sources */,
				961242752B413DB6009D6E05 /* HistoryManager.swift in Sources */,
				96AE7E342B480B2D00862861 /* ConjugationManager.swift in Sources */,
				96AE7E452B4A926E00862861 /* DictionaryHelperViews.swift in Sources */,
				960658482C61B23D0006DC4C /* Settings.swift in Sources */,
				9612427A2B414A53009D6E05 /* SearchDictionary.swift in Sources */,
				961242632B412A46009D6E05 /* DictionarySearchView.swift in Sources */,
				96AE7E422B4A02CF00862861 /* HTMLParser.swift in Sources */,
				965318342C6072230046D2C1 /* KanjiDefinition.swift in Sources */,
				961242612B412A46009D6E05 /* CJE_DictionaryApp.swift in Sources */,
				967ECECE2C5F102D009DFD72 /* DictionaryTypes.swift in Sources */,
				96AE7E472B4A991C00862861 /* ConjugationViewer.swift in Sources */,
				961242882B4250A0009D6E05 /* DictionaryManager.swift in Sources */,
				965318272C5F9B4D0046D2C1 /* KanjiDictionarySearch.swift in Sources */,
			);
			runOnlyForDeploymentPostprocessing = 0;
		};
/* End PBXSourcesBuildPhase section */

/* Begin XCBuildConfiguration section */
		961242692B412A47009D6E05 /* Debug */ = {
			isa = XCBuildConfiguration;
			buildSettings = {
				ALWAYS_SEARCH_USER_PATHS = NO;
				ASSETCATALOG_COMPILER_GENERATE_SWIFT_ASSET_SYMBOL_EXTENSIONS = YES;
				CLANG_ANALYZER_NONNULL = YES;
				CLANG_ANALYZER_NUMBER_OBJECT_CONVERSION = YES_AGGRESSIVE;
				CLANG_CXX_LANGUAGE_STANDARD = "gnu++20";
				CLANG_ENABLE_MODULES = YES;
				CLANG_ENABLE_OBJC_ARC = YES;
				CLANG_ENABLE_OBJC_WEAK = YES;
				CLANG_WARN_BLOCK_CAPTURE_AUTORELEASING = YES;
				CLANG_WARN_BOOL_CONVERSION = YES;
				CLANG_WARN_COMMA = YES;
				CLANG_WARN_CONSTANT_CONVERSION = YES;
				CLANG_WARN_DEPRECATED_OBJC_IMPLEMENTATIONS = YES;
				CLANG_WARN_DIRECT_OBJC_ISA_USAGE = YES_ERROR;
				CLANG_WARN_DOCUMENTATION_COMMENTS = YES;
				CLANG_WARN_EMPTY_BODY = YES;
				CLANG_WARN_ENUM_CONVERSION = YES;
				CLANG_WARN_INFINITE_RECURSION = YES;
				CLANG_WARN_INT_CONVERSION = YES;
				CLANG_WARN_NON_LITERAL_NULL_CONVERSION = YES;
				CLANG_WARN_OBJC_IMPLICIT_RETAIN_SELF = YES;
				CLANG_WARN_OBJC_LITERAL_CONVERSION = YES;
				CLANG_WARN_OBJC_ROOT_CLASS = YES_ERROR;
				CLANG_WARN_QUOTED_INCLUDE_IN_FRAMEWORK_HEADER = YES;
				CLANG_WARN_RANGE_LOOP_ANALYSIS = YES;
				CLANG_WARN_STRICT_PROTOTYPES = YES;
				CLANG_WARN_SUSPICIOUS_MOVE = YES;
				CLANG_WARN_UNGUARDED_AVAILABILITY = YES_AGGRESSIVE;
				CLANG_WARN_UNREACHABLE_CODE = YES;
				CLANG_WARN__DUPLICATE_METHOD_MATCH = YES;
				COPY_PHASE_STRIP = NO;
				DEBUG_INFORMATION_FORMAT = dwarf;
				ENABLE_STRICT_OBJC_MSGSEND = YES;
				ENABLE_TESTABILITY = YES;
				ENABLE_USER_SCRIPT_SANDBOXING = YES;
				GCC_C_LANGUAGE_STANDARD = gnu17;
				GCC_DYNAMIC_NO_PIC = NO;
				GCC_NO_COMMON_BLOCKS = YES;
				GCC_OPTIMIZATION_LEVEL = 0;
				GCC_PREPROCESSOR_DEFINITIONS = (
					"DEBUG=1",
					"$(inherited)",
				);
				GCC_WARN_64_TO_32_BIT_CONVERSION = YES;
				GCC_WARN_ABOUT_RETURN_TYPE = YES_ERROR;
				GCC_WARN_UNDECLARED_SELECTOR = YES;
				GCC_WARN_UNINITIALIZED_AUTOS = YES_AGGRESSIVE;
				GCC_WARN_UNUSED_FUNCTION = YES;
				GCC_WARN_UNUSED_VARIABLE = YES;
				IPHONEOS_DEPLOYMENT_TARGET = 17.0;
				LOCALIZATION_PREFERS_STRING_CATALOGS = YES;
				MTL_ENABLE_DEBUG_INFO = INCLUDE_SOURCE;
				MTL_FAST_MATH = YES;
				ONLY_ACTIVE_ARCH = YES;
				SDKROOT = iphoneos;
				SWIFT_ACTIVE_COMPILATION_CONDITIONS = "DEBUG $(inherited)";
				SWIFT_OPTIMIZATION_LEVEL = "-Onone";
			};
			name = Debug;
		};
		9612426A2B412A47009D6E05 /* Release */ = {
			isa = XCBuildConfiguration;
			buildSettings = {
				ALWAYS_SEARCH_USER_PATHS = NO;
				ASSETCATALOG_COMPILER_GENERATE_SWIFT_ASSET_SYMBOL_EXTENSIONS = YES;
				CLANG_ANALYZER_NONNULL = YES;
				CLANG_ANALYZER_NUMBER_OBJECT_CONVERSION = YES_AGGRESSIVE;
				CLANG_CXX_LANGUAGE_STANDARD = "gnu++20";
				CLANG_ENABLE_MODULES = YES;
				CLANG_ENABLE_OBJC_ARC = YES;
				CLANG_ENABLE_OBJC_WEAK = YES;
				CLANG_WARN_BLOCK_CAPTURE_AUTORELEASING = YES;
				CLANG_WARN_BOOL_CONVERSION = YES;
				CLANG_WARN_COMMA = YES;
				CLANG_WARN_CONSTANT_CONVERSION = YES;
				CLANG_WARN_DEPRECATED_OBJC_IMPLEMENTATIONS = YES;
				CLANG_WARN_DIRECT_OBJC_ISA_USAGE = YES_ERROR;
				CLANG_WARN_DOCUMENTATION_COMMENTS = YES;
				CLANG_WARN_EMPTY_BODY = YES;
				CLANG_WARN_ENUM_CONVERSION = YES;
				CLANG_WARN_INFINITE_RECURSION = YES;
				CLANG_WARN_INT_CONVERSION = YES;
				CLANG_WARN_NON_LITERAL_NULL_CONVERSION = YES;
				CLANG_WARN_OBJC_IMPLICIT_RETAIN_SELF = YES;
				CLANG_WARN_OBJC_LITERAL_CONVERSION = YES;
				CLANG_WARN_OBJC_ROOT_CLASS = YES_ERROR;
				CLANG_WARN_QUOTED_INCLUDE_IN_FRAMEWORK_HEADER = YES;
				CLANG_WARN_RANGE_LOOP_ANALYSIS = YES;
				CLANG_WARN_STRICT_PROTOTYPES = YES;
				CLANG_WARN_SUSPICIOUS_MOVE = YES;
				CLANG_WARN_UNGUARDED_AVAILABILITY = YES_AGGRESSIVE;
				CLANG_WARN_UNREACHABLE_CODE = YES;
				CLANG_WARN__DUPLICATE_METHOD_MATCH = YES;
				COPY_PHASE_STRIP = NO;
				DEBUG_INFORMATION_FORMAT = "dwarf-with-dsym";
				ENABLE_NS_ASSERTIONS = NO;
				ENABLE_STRICT_OBJC_MSGSEND = YES;
				ENABLE_USER_SCRIPT_SANDBOXING = YES;
				GCC_C_LANGUAGE_STANDARD = gnu17;
				GCC_NO_COMMON_BLOCKS = YES;
				GCC_WARN_64_TO_32_BIT_CONVERSION = YES;
				GCC_WARN_ABOUT_RETURN_TYPE = YES_ERROR;
				GCC_WARN_UNDECLARED_SELECTOR = YES;
				GCC_WARN_UNINITIALIZED_AUTOS = YES_AGGRESSIVE;
				GCC_WARN_UNUSED_FUNCTION = YES;
				GCC_WARN_UNUSED_VARIABLE = YES;
				IPHONEOS_DEPLOYMENT_TARGET = 17.0;
				LOCALIZATION_PREFERS_STRING_CATALOGS = YES;
				MTL_ENABLE_DEBUG_INFO = NO;
				MTL_FAST_MATH = YES;
				SDKROOT = iphoneos;
				SWIFT_COMPILATION_MODE = wholemodule;
				VALIDATE_PRODUCT = YES;
			};
			name = Release;
		};
		9612426C2B412A47009D6E05 /* Debug */ = {
			isa = XCBuildConfiguration;
			buildSettings = {
				ASSETCATALOG_COMPILER_APPICON_NAME = AppIcon;
				ASSETCATALOG_COMPILER_GLOBAL_ACCENT_COLOR_NAME = AccentColor;
				CODE_SIGN_STYLE = Automatic;
				CURRENT_PROJECT_VERSION = 11;
				DEVELOPMENT_ASSET_PATHS = "\"CJE Dictionary/Preview Content\"";
				DEVELOPMENT_TEAM = N74E93PMQ8;
				ENABLE_PREVIEWS = YES;
				GENERATE_INFOPLIST_FILE = YES;
				INFOPLIST_FILE = "CJE-Dictionary-Info.plist";
				INFOPLIST_KEY_CFBundleDisplayName = "CJE Dict";
				INFOPLIST_KEY_LSApplicationCategoryType = "public.app-category.education";
				INFOPLIST_KEY_UIApplicationSceneManifest_Generation = YES;
				INFOPLIST_KEY_UIApplicationSupportsIndirectInputEvents = YES;
				INFOPLIST_KEY_UILaunchScreen_Generation = YES;
				INFOPLIST_KEY_UISupportedInterfaceOrientations_iPad = "UIInterfaceOrientationPortrait UIInterfaceOrientationPortraitUpsideDown UIInterfaceOrientationLandscapeLeft UIInterfaceOrientationLandscapeRight";
				INFOPLIST_KEY_UISupportedInterfaceOrientations_iPhone = "UIInterfaceOrientationPortrait UIInterfaceOrientationLandscapeLeft UIInterfaceOrientationLandscapeRight";
				IPHONEOS_DEPLOYMENT_TARGET = 17.0;
				LD_RUNPATH_SEARCH_PATHS = (
					"$(inherited)",
					"@executable_path/Frameworks",
				);
				MARKETING_VERSION = 1.0;
				PRODUCT_BUNDLE_IDENTIFIER = "com.hunterhan.CJE-Dictionary";
				PRODUCT_NAME = "$(TARGET_NAME)";
				SWIFT_EMIT_LOC_STRINGS = YES;
				SWIFT_VERSION = 5.0;
				TARGETED_DEVICE_FAMILY = "1,2";
			};
			name = Debug;
		};
		9612426D2B412A47009D6E05 /* Release */ = {
			isa = XCBuildConfiguration;
			buildSettings = {
				ASSETCATALOG_COMPILER_APPICON_NAME = AppIcon;
				ASSETCATALOG_COMPILER_GLOBAL_ACCENT_COLOR_NAME = AccentColor;
				CODE_SIGN_STYLE = Automatic;
				CURRENT_PROJECT_VERSION = 11;
				DEVELOPMENT_ASSET_PATHS = "\"CJE Dictionary/Preview Content\"";
				DEVELOPMENT_TEAM = N74E93PMQ8;
				ENABLE_PREVIEWS = YES;
				GENERATE_INFOPLIST_FILE = YES;
				INFOPLIST_FILE = "CJE-Dictionary-Info.plist";
				INFOPLIST_KEY_CFBundleDisplayName = "CJE Dict";
				INFOPLIST_KEY_LSApplicationCategoryType = "public.app-category.education";
				INFOPLIST_KEY_UIApplicationSceneManifest_Generation = YES;
				INFOPLIST_KEY_UIApplicationSupportsIndirectInputEvents = YES;
				INFOPLIST_KEY_UILaunchScreen_Generation = YES;
				INFOPLIST_KEY_UISupportedInterfaceOrientations_iPad = "UIInterfaceOrientationPortrait UIInterfaceOrientationPortraitUpsideDown UIInterfaceOrientationLandscapeLeft UIInterfaceOrientationLandscapeRight";
				INFOPLIST_KEY_UISupportedInterfaceOrientations_iPhone = "UIInterfaceOrientationPortrait UIInterfaceOrientationLandscapeLeft UIInterfaceOrientationLandscapeRight";
				IPHONEOS_DEPLOYMENT_TARGET = 17.0;
				LD_RUNPATH_SEARCH_PATHS = (
					"$(inherited)",
					"@executable_path/Frameworks",
				);
				MARKETING_VERSION = 1.0;
				PRODUCT_BUNDLE_IDENTIFIER = "com.hunterhan.CJE-Dictionary";
				PRODUCT_NAME = "$(TARGET_NAME)";
				SWIFT_EMIT_LOC_STRINGS = YES;
				SWIFT_VERSION = 5.0;
				TARGETED_DEVICE_FAMILY = "1,2";
			};
			name = Release;
		};
/* End XCBuildConfiguration section */

/* Begin XCConfigurationList section */
		961242582B412A46009D6E05 /* Build configuration list for PBXProject "CJE Dictionary" */ = {
			isa = XCConfigurationList;
			buildConfigurations = (
				961242692B412A47009D6E05 /* Debug */,
				9612426A2B412A47009D6E05 /* Release */,
			);
			defaultConfigurationIsVisible = 0;
			defaultConfigurationName = Release;
		};
		9612426B2B412A47009D6E05 /* Build configuration list for PBXNativeTarget "CJE Dictionary" */ = {
			isa = XCConfigurationList;
			buildConfigurations = (
				9612426C2B412A47009D6E05 /* Debug */,
				9612426D2B412A47009D6E05 /* Release */,
			);
			defaultConfigurationIsVisible = 0;
			defaultConfigurationName = Release;
		};
/* End XCConfigurationList section */

/* Begin XCRemoteSwiftPackageReference section */
		9612426F2B4130E6009D6E05 /* XCRemoteSwiftPackageReference "realm-swift" */ = {
			isa = XCRemoteSwiftPackageReference;
			repositoryURL = "https://github.com/realm/realm-swift.git";
			requirement = {
				branch = master;
				kind = branch;
			};
		};
		9612428D2B4262FE009D6E05 /* XCRemoteSwiftPackageReference "ZIPFoundation" */ = {
			isa = XCRemoteSwiftPackageReference;
			repositoryURL = "https://github.com/weichsel/ZIPFoundation";
			requirement = {
				kind = upToNextMajorVersion;
				minimumVersion = 0.9.17;
			};
		};
		961242902B428091009D6E05 /* XCRemoteSwiftPackageReference "SwiftSoup" */ = {
			isa = XCRemoteSwiftPackageReference;
			repositoryURL = "https://github.com/scinfu/SwiftSoup";
			requirement = {
				kind = upToNextMajorVersion;
				minimumVersion = 2.6.1;
			};
		};
		964394B32B43A827009D377E /* XCRemoteSwiftPackageReference "SQLite" */ = {
			isa = XCRemoteSwiftPackageReference;
			repositoryURL = "https://github.com/stephencelis/SQLite.swift";
			requirement = {
				kind = upToNextMajorVersion;
				minimumVersion = 0.14.1;
			};
		};
		96AE7E352B4839EC00862861 /* XCRemoteSwiftPackageReference "Mecab-Swift" */ = {
			isa = XCRemoteSwiftPackageReference;
			repositoryURL = "https://github.com/shinjukunian/Mecab-Swift";
			requirement = {
				branch = master;
				kind = branch;
			};
		};
		96AE7E3E2B48EEAE00862861 /* XCRemoteSwiftPackageReference "RubyAttribute" */ = {
			isa = XCRemoteSwiftPackageReference;
			repositoryURL = "https://github.com/ApolloZhu/RubyAttribute";
			requirement = {
				branch = main;
				kind = branch;
			};
		};
		96AE7E502B4E278C00862861 /* XCRemoteSwiftPackageReference "swift-collections" */ = {
			isa = XCRemoteSwiftPackageReference;
			repositoryURL = "https://github.com/apple/swift-collections.git";
			requirement = {
				kind = upToNextMajorVersion;
				minimumVersion = 1.0.6;
			};
		};
/* End XCRemoteSwiftPackageReference section */

/* Begin XCSwiftPackageProductDependency section */
		961242702B4130E6009D6E05 /* Realm */ = {
			isa = XCSwiftPackageProductDependency;
			package = 9612426F2B4130E6009D6E05 /* XCRemoteSwiftPackageReference "realm-swift" */;
			productName = Realm;
		};
		961242722B4130E6009D6E05 /* RealmSwift */ = {
			isa = XCSwiftPackageProductDependency;
			package = 9612426F2B4130E6009D6E05 /* XCRemoteSwiftPackageReference "realm-swift" */;
			productName = RealmSwift;
		};
		9612428E2B4262FE009D6E05 /* ZIPFoundation */ = {
			isa = XCSwiftPackageProductDependency;
			package = 9612428D2B4262FE009D6E05 /* XCRemoteSwiftPackageReference "ZIPFoundation" */;
			productName = ZIPFoundation;
		};
		961242912B428091009D6E05 /* SwiftSoup */ = {
			isa = XCSwiftPackageProductDependency;
			package = 961242902B428091009D6E05 /* XCRemoteSwiftPackageReference "SwiftSoup" */;
			productName = SwiftSoup;
		};
		964394B42B43A827009D377E /* SQLite */ = {
			isa = XCSwiftPackageProductDependency;
			package = 964394B32B43A827009D377E /* XCRemoteSwiftPackageReference "SQLite" */;
			productName = SQLite;
		};
		96AE7E362B4839EC00862861 /* CharacterFilter */ = {
			isa = XCSwiftPackageProductDependency;
			package = 96AE7E352B4839EC00862861 /* XCRemoteSwiftPackageReference "Mecab-Swift" */;
			productName = CharacterFilter;
		};
		96AE7E382B4839EC00862861 /* IPADic */ = {
			isa = XCSwiftPackageProductDependency;
			package = 96AE7E352B4839EC00862861 /* XCRemoteSwiftPackageReference "Mecab-Swift" */;
			productName = IPADic;
		};
		96AE7E3A2B4839EC00862861 /* Mecab-Swift */ = {
			isa = XCSwiftPackageProductDependency;
			package = 96AE7E352B4839EC00862861 /* XCRemoteSwiftPackageReference "Mecab-Swift" */;
			productName = "Mecab-Swift";
		};
		96AE7E3C2B4839EC00862861 /* StringTools */ = {
			isa = XCSwiftPackageProductDependency;
			package = 96AE7E352B4839EC00862861 /* XCRemoteSwiftPackageReference "Mecab-Swift" */;
			productName = StringTools;
		};
		96AE7E3F2B48EEAE00862861 /* RubyAttribute */ = {
			isa = XCSwiftPackageProductDependency;
			package = 96AE7E3E2B48EEAE00862861 /* XCRemoteSwiftPackageReference "RubyAttribute" */;
			productName = RubyAttribute;
		};
		96AE7E512B4E278C00862861 /* Collections */ = {
			isa = XCSwiftPackageProductDependency;
			package = 96AE7E502B4E278C00862861 /* XCRemoteSwiftPackageReference "swift-collections" */;
			productName = Collections;
		};
		96AE7E532B4E278D00862861 /* DequeModule */ = {
			isa = XCSwiftPackageProductDependency;
			package = 96AE7E502B4E278C00862861 /* XCRemoteSwiftPackageReference "swift-collections" */;
			productName = DequeModule;
		};
		96AE7E552B4E278D00862861 /* OrderedCollections */ = {
			isa = XCSwiftPackageProductDependency;
			package = 96AE7E502B4E278C00862861 /* XCRemoteSwiftPackageReference "swift-collections" */;
			productName = OrderedCollections;
		};
/* End XCSwiftPackageProductDependency section */
	};
	rootObject = 961242552B412A46009D6E05 /* Project object */;
}
